
Microsoft Visual Studio Solution File, Format Version 12.00
# Visual Studio Version 17
VisualStudioVersion = 17.13.35828.75
MinimumVisualStudioVersion = 10.0.40219.1
Project("{FAE04EC0-301F-11D3-BF4B-00C04F79EFBC}") = "TestForm", "TestForm\TestForm.csproj", "{0EF1CC45-5E7E-4A78-A338-8DE697E8AB99}"
EndProject
Project("{FAE04EC0-301F-11D3-BF4B-00C04F79EFBC}") = "HiveCard.PdfParser", "HiveCard.PdfParser\HiveCard.PdfParser.csproj", "{C82E2FDC-9A07-C933-7E98-0C59FC9A6BFD}"
EndProject
Global
	GlobalSection(SolutionConfigurationPlatforms) = preSolution
		Debug|Any CPU = Debug|Any CPU
		Debug|x64 = Debug|x64
		Release|Any CPU = Release|Any CPU
		Release|x64 = Release|x64
	EndGlobalSection
	GlobalSection(ProjectConfigurationPlatforms) = postSolution
		{0EF1CC45-5E7E-4A78-A338-8DE697E8AB99}.Debug|Any CPU.ActiveCfg = Debug|Any CPU
		{0EF1CC45-5E7E-4A78-A338-8DE697E8AB99}.Debug|Any CPU.Build.0 = Debug|Any CPU
		{0EF1CC45-5E7E-4A78-A338-8DE697E8AB99}.Debug|x64.ActiveCfg = Debug|x64
		{0EF1CC45-5E7E-4A78-A338-8DE697E8AB99}.Debug|x64.Build.0 = Debug|x64
		{0EF1CC45-5E7E-4A78-A338-8DE697E8AB99}.Release|Any CPU.ActiveCfg = Release|Any CPU
		{0EF1CC45-5E7E-4A78-A338-8DE697E8AB99}.Release|Any CPU.Build.0 = Release|Any CPU
		{0EF1CC45-5E7E-4A78-A338-8DE697E8AB99}.Release|x64.ActiveCfg = Release|x64
		{0EF1CC45-5E7E-4A78-A338-8DE697E8AB99}.Release|x64.Build.0 = Release|x64
		{C82E2FDC-9A07-C933-7E98-0C59FC9A6BFD}.Debug|Any CPU.ActiveCfg = Debug|x86
		{C82E2FDC-9A07-C933-7E98-0C59FC9A6BFD}.Debug|Any CPU.Build.0 = Debug|x86
		{C82E2FDC-9A07-C933-7E98-0C59FC9A6BFD}.Debug|x64.ActiveCfg = Debug|x64
		{C82E2FDC-9A07-C933-7E98-0C59FC9A6BFD}.Debug|x64.Build.0 = Debug|x64
		{C82E2FDC-9A07-C933-7E98-0C59FC9A6BFD}.Release|Any CPU.ActiveCfg = Release|Any CPU
		{C82E2FDC-9A07-C933-7E98-0C59FC9A6BFD}.Release|Any CPU.Build.0 = Release|Any CPU
		{C82E2FDC-9A07-C933-7E98-0C59FC9A6BFD}.Release|x64.ActiveCfg = Release|x64
		{C82E2FDC-9A07-C933-7E98-0C59FC9A6BFD}.Release|x64.Build.0 = Release|x64
	EndGlobalSection
	GlobalSection(SolutionProperties) = preSolution
		HideSolutionNode = FALSE
	EndGlobalSection
	GlobalSection(ExtensibilityGlobals) = postSolution
		SolutionGuid = {778EA383-DB19-4B66-9B0C-69E5BB4066E7}
	EndGlobalSection
EndGlobal
